
Microsoft Visual Studio Solution File, Format Version 12.00
# Visual Studio 15
VisualStudioVersion = 15.0.27130.2036
MinimumVisualStudioVersion = 10.0.40219.1
Project("{FAE04EC0-301F-11D3-BF4B-00C04F79EFBC}") = "StockApp", "StockApp\StockApp.csproj", "{9C3DD7EA-CCD1-4E33-B920-4C9E7802F6BD}"
EndProject
Global
	GlobalSection(SolutionConfigurationPlatforms) = preSolution
		Debug|Any CPU = Debug|Any CPU
		Release|Any CPU = Release|Any CPU
	EndGlobalSection
	GlobalSection(ProjectConfigurationPlatforms) = postSolution
		{9C3DD7EA-CCD1-4E33-B920-4C9E7802F6BD}.Debug|Any CPU.ActiveCfg = Debug|Any CPU
		{9C3DD7EA-CCD1-4E33-B920-4C9E7802F6BD}.Debug|Any CPU.Build.0 = Debug|Any CPU
		{9C3DD7EA-CCD1-4E33-B920-4C9E7802F6BD}.Release|Any CPU.ActiveCfg = Release|Any CPU
		{9C3DD7EA-CCD1-4E33-B920-4C9E7802F6BD}.Release|Any CPU.Build.0 = Release|Any CPU
	EndGlobalSection
	GlobalSection(SolutionProperties) = preSolution
		HideSolutionNode = FALSE
	EndGlobalSection
	GlobalSection(ExtensibilityGlobals) = postSolution
		SolutionGuid = {745116B7-CFDE-4C3D-ADB3-43A0C9963F98}
	EndGlobalSection
EndGlobal
